
Microsoft Visual Studio Solution File, Format Version 12.00
# Visual Studio Version 17
VisualStudioVersion = 17.11.35327.3
MinimumVisualStudioVersion = 10.0.40219.1
Project("{888888A0-9F3D-457C-B088-3A5042F75D52}") = "qaPythonintro", "qaPythonintro\qaPythonintro.pyproj", "{9654BC40-F8B0-4E03-A409-208AE4762456}"
EndProject
Global
	GlobalSection(SolutionConfigurationPlatforms) = preSolution
		Debug|Any CPU = Debug|Any CPU
		Release|Any CPU = Release|Any CPU
	EndGlobalSection
	GlobalSection(ProjectConfigurationPlatforms) = postSolution
		{9654BC40-F8B0-4E03-A409-208AE4762456}.Debug|Any CPU.ActiveCfg = Debug|Any CPU
		{9654BC40-F8B0-4E03-A409-208AE4762456}.Release|Any CPU.ActiveCfg = Release|Any CPU
	EndGlobalSection
	GlobalSection(SolutionProperties) = preSolution
		HideSolutionNode = FALSE
	EndGlobalSection
	GlobalSection(ExtensibilityGlobals) = postSolution
		SolutionGuid = {8C29F248-A349-45B7-B865-EAC755779A76}
	EndGlobalSection
EndGlobal
